
Microsoft Visual Studio Solution File, Format Version 12.00
# Visual Studio 15
VisualStudioVersion = 15.0.26730.10
MinimumVisualStudioVersion = 10.0.40219.1
Project("{9A19103F-16F7-4668-BE54-9A1E7A4F7556}") = "Engines", "Engines\Engines.csproj", "{1F1BA16B-89FE-4F6F-B6F6-275431658968}"
EndProject
Project("{9A19103F-16F7-4668-BE54-9A1E7A4F7556}") = "Accessors", "Accessors\Accessors.csproj", "{04D7B232-16FD-4F19-AA48-45F5FCDCB7B4}"
EndProject
Project("{9A19103F-16F7-4668-BE54-9A1E7A4F7556}") = "Core", "Core\Core.csproj", "{857480CB-0E9C-495A-81C5-DA15CC4B1CD9}"
EndProject
Project("{FAE04EC0-301F-11D3-BF4B-00C04F79EFBC}") = "Web", "Web\Web.csproj", "{48E3F218-2E13-4901-82EC-4D3C7EEA55DB}"
EndProject
Global
	GlobalSection(SolutionConfigurationPlatforms) = preSolution
		Debug|Any CPU = Debug|Any CPU
		Debug|ARM = Debug|ARM
		Debug|iPhone = Debug|iPhone
		Debug|iPhoneSimulator = Debug|iPhoneSimulator
		Debug|x64 = Debug|x64
		Debug|x86 = Debug|x86
		Release|Any CPU = Release|Any CPU
		Release|ARM = Release|ARM
		Release|iPhone = Release|iPhone
		Release|iPhoneSimulator = Release|iPhoneSimulator
		Release|x64 = Release|x64
		Release|x86 = Release|x86
	EndGlobalSection
	GlobalSection(ProjectConfigurationPlatforms) = postSolution
		{1F1BA16B-89FE-4F6F-B6F6-275431658968}.Debug|Any CPU.ActiveCfg = Debug|Any CPU
		{1F1BA16B-89FE-4F6F-B6F6-275431658968}.Debug|Any CPU.Build.0 = Debug|Any CPU
		{1F1BA16B-89FE-4F6F-B6F6-275431658968}.Debug|ARM.ActiveCfg = Debug|Any CPU
		{1F1BA16B-89FE-4F6F-B6F6-275431658968}.Debug|ARM.Build.0 = Debug|Any CPU
		{1F1BA16B-89FE-4F6F-B6F6-275431658968}.Debug|iPhone.ActiveCfg = Debug|Any CPU
		{1F1BA16B-89FE-4F6F-B6F6-275431658968}.Debug|iPhone.Build.0 = Debug|Any CPU
		{1F1BA16B-89FE-4F6F-B6F6-275431658968}.Debug|iPhoneSimulator.ActiveCfg = Debug|Any CPU
		{1F1BA16B-89FE-4F6F-B6F6-275431658968}.Debug|iPhoneSimulator.Build.0 = Debug|Any CPU
		{1F1BA16B-89FE-4F6F-B6F6-275431658968}.Debug|x64.ActiveCfg = Debug|Any CPU
		{1F1BA16B-89FE-4F6F-B6F6-275431658968}.Debug|x64.Build.0 = Debug|Any CPU
		{1F1BA16B-89FE-4F6F-B6F6-275431658968}.Debug|x86.ActiveCfg = Debug|Any CPU
		{1F1BA16B-89FE-4F6F-B6F6-275431658968}.Debug|x86.Build.0 = Debug|Any CPU
		{1F1BA16B-89FE-4F6F-B6F6-275431658968}.Release|Any CPU.ActiveCfg = Release|Any CPU
		{1F1BA16B-89FE-4F6F-B6F6-275431658968}.Release|Any CPU.Build.0 = Release|Any CPU
		{1F1BA16B-89FE-4F6F-B6F6-275431658968}.Release|ARM.ActiveCfg = Release|Any CPU
		{1F1BA16B-89FE-4F6F-B6F6-275431658968}.Release|ARM.Build.0 = Release|Any CPU
		{1F1BA16B-89FE-4F6F-B6F6-275431658968}.Release|iPhone.ActiveCfg = Release|Any CPU
		{1F1BA16B-89FE-4F6F-B6F6-275431658968}.Release|iPhone.Build.0 = Release|Any CPU
		{1F1BA16B-89FE-4F6F-B6F6-275431658968}.Release|iPhoneSimulator.ActiveCfg = Release|Any CPU
		{1F1BA16B-89FE-4F6F-B6F6-275431658968}.Release|iPhoneSimulator.Build.0 = Release|Any CPU
		{1F1BA16B-89FE-4F6F-B6F6-275431658968}.Release|x64.ActiveCfg = Release|Any CPU
		{1F1BA16B-89FE-4F6F-B6F6-275431658968}.Release|x64.Build.0 = Release|Any CPU
		{1F1BA16B-89FE-4F6F-B6F6-275431658968}.Release|x86.ActiveCfg = Release|Any CPU
		{1F1BA16B-89FE-4F6F-B6F6-275431658968}.Release|x86.Build.0 = Release|Any CPU
		{04D7B232-16FD-4F19-AA48-45F5FCDCB7B4}.Debug|Any CPU.ActiveCfg = Debug|Any CPU
		{04D7B232-16FD-4F19-AA48-45F5FCDCB7B4}.Debug|Any CPU.Build.0 = Debug|Any CPU
		{04D7B232-16FD-4F19-AA48-45F5FCDCB7B4}.Debug|ARM.ActiveCfg = Debug|Any CPU
		{04D7B232-16FD-4F19-AA48-45F5FCDCB7B4}.Debug|ARM.Build.0 = Debug|Any CPU
		{04D7B232-16FD-4F19-AA48-45F5FCDCB7B4}.Debug|iPhone.ActiveCfg = Debug|Any CPU
		{04D7B232-16FD-4F19-AA48-45F5FCDCB7B4}.Debug|iPhone.Build.0 = Debug|Any CPU
		{04D7B232-16FD-4F19-AA48-45F5FCDCB7B4}.Debug|iPhoneSimulator.ActiveCfg = Debug|Any CPU
		{04D7B232-16FD-4F19-AA48-45F5FCDCB7B4}.Debug|iPhoneSimulator.Build.0 = Debug|Any CPU
		{04D7B232-16FD-4F19-AA48-45F5FCDCB7B4}.Debug|x64.ActiveCfg = Debug|Any CPU
		{04D7B232-16FD-4F19-AA48-45F5FCDCB7B4}.Debug|x64.Build.0 = Debug|Any CPU
		{04D7B232-16FD-4F19-AA48-45F5FCDCB7B4}.Debug|x86.ActiveCfg = Debug|Any CPU
		{04D7B232-16FD-4F19-AA48-45F5FCDCB7B4}.Debug|x86.Build.0 = Debug|Any CPU
		{04D7B232-16FD-4F19-AA48-45F5FCDCB7B4}.Release|Any CPU.ActiveCfg = Release|Any CPU
		{04D7B232-16FD-4F19-AA48-45F5FCDCB7B4}.Release|Any CPU.Build.0 = Release|Any CPU
		{04D7B232-16FD-4F19-AA48-45F5FCDCB7B4}.Release|ARM.ActiveCfg = Release|Any CPU
		{04D7B232-16FD-4F19-AA48-45F5FCDCB7B4}.Release|ARM.Build.0 = Release|Any CPU
		{04D7B232-16FD-4F19-AA48-45F5FCDCB7B4}.Release|iPhone.ActiveCfg = Release|Any CPU
		{04D7B232-16FD-4F19-AA48-45F5FCDCB7B4}.Release|iPhone.Build.0 = Release|Any CPU
		{04D7B232-16FD-4F19-AA48-45F5FCDCB7B4}.Release|iPhoneSimulator.ActiveCfg = Release|Any CPU
		{04D7B232-16FD-4F19-AA48-45F5FCDCB7B4}.Release|iPhoneSimulator.Build.0 = Release|Any CPU
		{04D7B232-16FD-4F19-AA48-45F5FCDCB7B4}.Release|x64.ActiveCfg = Release|Any CPU
		{04D7B232-16FD-4F19-AA48-45F5FCDCB7B4}.Release|x64.Build.0 = Release|Any CPU
		{04D7B232-16FD-4F19-AA48-45F5FCDCB7B4}.Release|x86.ActiveCfg = Release|Any CPU
		{04D7B232-16FD-4F19-AA48-45F5FCDCB7B4}.Release|x86.Build.0 = Release|Any CPU
		{857480CB-0E9C-495A-81C5-DA15CC4B1CD9}.Debug|Any CPU.ActiveCfg = Debug|Any CPU
		{857480CB-0E9C-495A-81C5-DA15CC4B1CD9}.Debug|Any CPU.Build.0 = Debug|Any CPU
		{857480CB-0E9C-495A-81C5-DA15CC4B1CD9}.Debug|ARM.ActiveCfg = Debug|Any CPU
		{857480CB-0E9C-495A-81C5-DA15CC4B1CD9}.Debug|ARM.Build.0 = Debug|Any CPU
		{857480CB-0E9C-495A-81C5-DA15CC4B1CD9}.Debug|iPhone.ActiveCfg = Debug|Any CPU
		{857480CB-0E9C-495A-81C5-DA15CC4B1CD9}.Debug|iPhone.Build.0 = Debug|Any CPU
		{857480CB-0E9C-495A-81C5-DA15CC4B1CD9}.Debug|iPhoneSimulator.ActiveCfg = Debug|Any CPU
		{857480CB-0E9C-495A-81C5-DA15CC4B1CD9}.Debug|iPhoneSimulator.Build.0 = Debug|Any CPU
		{857480CB-0E9C-495A-81C5-DA15CC4B1CD9}.Debug|x64.ActiveCfg = Debug|Any CPU
		{857480CB-0E9C-495A-81C5-DA15CC4B1CD9}.Debug|x64.Build.0 = Debug|Any CPU
		{857480CB-0E9C-495A-81C5-DA15CC4B1CD9}.Debug|x86.ActiveCfg = Debug|Any CPU
		{857480CB-0E9C-495A-81C5-DA15CC4B1CD9}.Debug|x86.Build.0 = Debug|Any CPU
		{857480CB-0E9C-495A-81C5-DA15CC4B1CD9}.Release|Any CPU.ActiveCfg = Release|Any CPU
		{857480CB-0E9C-495A-81C5-DA15CC4B1CD9}.Release|Any CPU.Build.0 = Release|Any CPU
		{857480CB-0E9C-495A-81C5-DA15CC4B1CD9}.Release|ARM.ActiveCfg = Release|Any CPU
		{857480CB-0E9C-495A-81C5-DA15CC4B1CD9}.Release|ARM.Build.0 = Release|Any CPU
		{857480CB-0E9C-495A-81C5-DA15CC4B1CD9}.Release|iPhone.ActiveCfg = Release|Any CPU
		{857480CB-0E9C-495A-81C5-DA15CC4B1CD9}.Release|iPhone.Build.0 = Release|Any CPU
		{857480CB-0E9C-495A-81C5-DA15CC4B1CD9}.Release|iPhoneSimulator.ActiveCfg = Release|Any CPU
		{857480CB-0E9C-495A-81C5-DA15CC4B1CD9}.Release|iPhoneSimulator.Build.0 = Release|Any CPU
		{857480CB-0E9C-495A-81C5-DA15CC4B1CD9}.Release|x64.ActiveCfg = Release|Any CPU
		{857480CB-0E9C-495A-81C5-DA15CC4B1CD9}.Release|x64.Build.0 = Release|Any CPU
		{857480CB-0E9C-495A-81C5-DA15CC4B1CD9}.Release|x86.ActiveCfg = Release|Any CPU
		{857480CB-0E9C-495A-81C5-DA15CC4B1CD9}.Release|x86.Build.0 = Release|Any CPU
		{48E3F218-2E13-4901-82EC-4D3C7EEA55DB}.Debug|Any CPU.ActiveCfg = Debug|Any CPU
		{48E3F218-2E13-4901-82EC-4D3C7EEA55DB}.Debug|Any CPU.Build.0 = Debug|Any CPU
		{48E3F218-2E13-4901-82EC-4D3C7EEA55DB}.Debug|ARM.ActiveCfg = Debug|Any CPU
		{48E3F218-2E13-4901-82EC-4D3C7EEA55DB}.Debug|ARM.Build.0 = Debug|Any CPU
		{48E3F218-2E13-4901-82EC-4D3C7EEA55DB}.Debug|iPhone.ActiveCfg = Debug|Any CPU
		{48E3F218-2E13-4901-82EC-4D3C7EEA55DB}.Debug|iPhone.Build.0 = Debug|Any CPU
		{48E3F218-2E13-4901-82EC-4D3C7EEA55DB}.Debug|iPhoneSimulator.ActiveCfg = Debug|Any CPU
		{48E3F218-2E13-4901-82EC-4D3C7EEA55DB}.Debug|iPhoneSimulator.Build.0 = Debug|Any CPU
		{48E3F218-2E13-4901-82EC-4D3C7EEA55DB}.Debug|x64.ActiveCfg = Debug|Any CPU
		{48E3F218-2E13-4901-82EC-4D3C7EEA55DB}.Debug|x64.Build.0 = Debug|Any CPU
		{48E3F218-2E13-4901-82EC-4D3C7EEA55DB}.Debug|x86.ActiveCfg = Debug|Any CPU
		{48E3F218-2E13-4901-82EC-4D3C7EEA55DB}.Debug|x86.Build.0 = Debug|Any CPU
		{48E3F218-2E13-4901-82EC-4D3C7EEA55DB}.Release|Any CPU.ActiveCfg = Release|Any CPU
		{48E3F218-2E13-4901-82EC-4D3C7EEA55DB}.Release|Any CPU.Build.0 = Release|Any CPU
		{48E3F218-2E13-4901-82EC-4D3C7EEA55DB}.Release|ARM.ActiveCfg = Release|Any CPU
		{48E3F218-2E13-4901-82EC-4D3C7EEA55DB}.Release|ARM.Build.0 = Release|Any CPU
		{48E3F218-2E13-4901-82EC-4D3C7EEA55DB}.Release|iPhone.ActiveCfg = Release|Any CPU
		{48E3F218-2E13-4901-82EC-4D3C7EEA55DB}.Release|iPhone.Build.0 = Release|Any CPU
		{48E3F218-2E13-4901-82EC-4D3C7EEA55DB}.Release|iPhoneSimulator.ActiveCfg = Release|Any CPU
		{48E3F218-2E13-4901-82EC-4D3C7EEA55DB}.Release|iPhoneSimulator.Build.0 = Release|Any CPU
		{48E3F218-2E13-4901-82EC-4D3C7EEA55DB}.Release|x64.ActiveCfg = Release|Any CPU
		{48E3F218-2E13-4901-82EC-4D3C7EEA55DB}.Release|x64.Build.0 = Release|Any CPU
		{48E3F218-2E13-4901-82EC-4D3C7EEA55DB}.Release|x86.ActiveCfg = Release|Any CPU
		{48E3F218-2E13-4901-82EC-4D3C7EEA55DB}.Release|x86.Build.0 = Release|Any CPU
	EndGlobalSection
	GlobalSection(SolutionProperties) = preSolution
		HideSolutionNode = FALSE
	EndGlobalSection
	GlobalSection(ExtensibilityGlobals) = postSolution
		SolutionGuid = {67DC68E9-FCC6-4D11-B613-83E25066C4F2}
	EndGlobalSection
EndGlobal
